// !$*UTF8*$!
{
	archiveVersion = 1;
	classes = {
	};
	objectVersion = 56;
	objects = {

/* Begin PBXBuildFile section */
		4156CD102B4A170200EE05EB /* AnimationSandboxApp.swift in Sources */ = {isa = PBXBuildFile; fileRef = 4156CD0F2B4A170200EE05EB /* AnimationSandboxApp.swift */; };
		4156CD122B4A170200EE05EB /* ContentView.swift in Sources */ = {isa = PBXBuildFile; fileRef = 4156CD112B4A170200EE05EB /* ContentView.swift */; };
		4156CD142B4A170400EE05EB /* Assets.xcassets in Resources */ = {isa = PBXBuildFile; fileRef = 4156CD132B4A170400EE05EB /* Assets.xcassets */; };
		4156CD172B4A170400EE05EB /* Preview Assets.xcassets in Resources */ = {isa = PBXBuildFile; fileRef = 4156CD162B4A170400EE05EB /* Preview Assets.xcassets */; };
		4156CD1F2B4A31A400EE05EB /* ImplicitAnimation.swift in Sources */ = {isa = PBXBuildFile; fileRef = 4156CD1E2B4A31A400EE05EB /* ImplicitAnimation.swift */; };
		4156CD212B4A32A000EE05EB /* CustomizingAnimations.swift in Sources */ = {isa = PBXBuildFile; fileRef = 4156CD202B4A32A000EE05EB /* CustomizingAnimations.swift */; };
		4156CD232B4A33DE00EE05EB /* AnimateBindings.swift in Sources */ = {isa = PBXBuildFile; fileRef = 4156CD222B4A33DE00EE05EB /* AnimateBindings.swift */; };
		4156CD252B4A351900EE05EB /* ExplicitAnimations.swift in Sources */ = {isa = PBXBuildFile; fileRef = 4156CD242B4A351900EE05EB /* ExplicitAnimations.swift */; };
		4156CD272B4A360400EE05EB /* ControllingAnimationStack.swift in Sources */ = {isa = PBXBuildFile; fileRef = 4156CD262B4A360400EE05EB /* ControllingAnimationStack.swift */; };
		4156CD292B4B294900EE05EB /* AnimatingGestures.swift in Sources */ = {isa = PBXBuildFile; fileRef = 4156CD282B4B294900EE05EB /* AnimatingGestures.swift */; };
		4156CD2B2B4B2C0200EE05EB /* Letters.swift in Sources */ = {isa = PBXBuildFile; fileRef = 4156CD2A2B4B2C0200EE05EB /* Letters.swift */; };
		4156CD2D2B4B2D1100EE05EB /* ShowingAndHidingViewsWithTranslations.swift in Sources */ = {isa = PBXBuildFile; fileRef = 4156CD2C2B4B2D1100EE05EB /* ShowingAndHidingViewsWithTranslations.swift */; };
/* End PBXBuildFile section */

/* Begin PBXFileReference section */
		4156CD0C2B4A170200EE05EB /* AnimationSandbox.app */ = {isa = PBXFileReference; explicitFileType = wrapper.application; includeInIndex = 0; path = AnimationSandbox.app; sourceTree = BUILT_PRODUCTS_DIR; };
		4156CD0F2B4A170200EE05EB /* AnimationSandboxApp.swift */ = {isa = PBXFileReference; lastKnownFileType = sourcecode.swift; path = AnimationSandboxApp.swift; sourceTree = "<group>"; };
		4156CD112B4A170200EE05EB /* ContentView.swift */ = {isa = PBXFileReference; lastKnownFileType = sourcecode.swift; path = ContentView.swift; sourceTree = "<group>"; };
		4156CD132B4A170400EE05EB /* Assets.xcassets */ = {isa = PBXFileReference; lastKnownFileType = folder.assetcatalog; path = Assets.xcassets; sourceTree = "<group>"; };
		4156CD162B4A170400EE05EB /* Preview Assets.xcassets */ = {isa = PBXFileReference; lastKnownFileType = folder.assetcatalog; path = "Preview Assets.xcassets"; sourceTree = "<group>"; };
		4156CD182B4A170400EE05EB /* AnimationSandbox.entitlements */ = {isa = PBXFileReference; lastKnownFileType = text.plist.entitlements; path = AnimationSandbox.entitlements; sourceTree = "<group>"; };
		4156CD1E2B4A31A400EE05EB /* ImplicitAnimation.swift */ = {isa = PBXFileReference; lastKnownFileType = sourcecode.swift; path = ImplicitAnimation.swift; sourceTree = "<group>"; };
		4156CD202B4A32A000EE05EB /* CustomizingAnimations.swift */ = {isa = PBXFileReference; lastKnownFileType = sourcecode.swift; path = CustomizingAnimations.swift; sourceTree = "<group>"; };
		4156CD222B4A33DE00EE05EB /* AnimateBindings.swift */ = {isa = PBXFileReference; lastKnownFileType = sourcecode.swift; path = AnimateBindings.swift; sourceTree = "<group>"; };
		4156CD242B4A351900EE05EB /* ExplicitAnimations.swift */ = {isa = PBXFileReference; lastKnownFileType = sourcecode.swift; path = ExplicitAnimations.swift; sourceTree = "<group>"; };
		4156CD262B4A360400EE05EB /* ControllingAnimationStack.swift */ = {isa = PBXFileReference; lastKnownFileType = sourcecode.swift; path = ControllingAnimationStack.swift; sourceTree = "<group>"; };
		4156CD282B4B294900EE05EB /* AnimatingGestures.swift */ = {isa = PBXFileReference; lastKnownFileType = sourcecode.swift; path = AnimatingGestures.swift; sourceTree = "<group>"; };
		4156CD2A2B4B2C0200EE05EB /* Letters.swift */ = {isa = PBXFileReference; lastKnownFileType = sourcecode.swift; path = Letters.swift; sourceTree = "<group>"; };
		4156CD2C2B4B2D1100EE05EB /* ShowingAndHidingViewsWithTranslations.swift */ = {isa = PBXFileReference; lastKnownFileType = sourcecode.swift; path = ShowingAndHidingViewsWithTranslations.swift; sourceTree = "<group>"; };
/* End PBXFileReference section */

/* Begin PBXFrameworksBuildPhase section */
		4156CD092B4A170200EE05EB /* Frameworks */ = {
			isa = PBXFrameworksBuildPhase;
			buildActionMask = 2147483647;
			files = (
			);
			runOnlyForDeploymentPostprocessing = 0;
		};
/* End PBXFrameworksBuildPhase section */

/* Begin PBXGroup section */
		4156CD032B4A170200EE05EB = {
			isa = PBXGroup;
			children = (
				4156CD0E2B4A170200EE05EB /* AnimationSandbox */,
				4156CD0D2B4A170200EE05EB /* Products */,
			);
			sourceTree = "<group>";
		};
		4156CD0D2B4A170200EE05EB /* Products */ = {
			isa = PBXGroup;
			children = (
				4156CD0C2B4A170200EE05EB /* AnimationSandbox.app */,
			);
			name = Products;
			sourceTree = "<group>";
		};
		4156CD0E2B4A170200EE05EB /* AnimationSandbox */ = {
			isa = PBXGroup;
			children = (
				4156CD0F2B4A170200EE05EB /* AnimationSandboxApp.swift */,
				4156CD112B4A170200EE05EB /* ContentView.swift */,
				4156CD1E2B4A31A400EE05EB /* ImplicitAnimation.swift */,
				4156CD202B4A32A000EE05EB /* CustomizingAnimations.swift */,
				4156CD222B4A33DE00EE05EB /* AnimateBindings.swift */,
				4156CD242B4A351900EE05EB /* ExplicitAnimations.swift */,
				4156CD262B4A360400EE05EB /* ControllingAnimationStack.swift */,
				4156CD282B4B294900EE05EB /* AnimatingGestures.swift */,
				4156CD2A2B4B2C0200EE05EB /* Letters.swift */,
				4156CD2C2B4B2D1100EE05EB /* ShowingAndHidingViewsWithTranslations.swift */,
				4156CD132B4A170400EE05EB /* Assets.xcassets */,
				4156CD182B4A170400EE05EB /* AnimationSandbox.entitlements */,
				4156CD152B4A170400EE05EB /* Preview Content */,
			);
			path = AnimationSandbox;
			sourceTree = "<group>";
		};
		4156CD152B4A170400EE05EB /* Preview Content */ = {
			isa = PBXGroup;
			children = (
				4156CD162B4A170400EE05EB /* Preview Assets.xcassets */,
			);
			path = "Preview Content";
			sourceTree = "<group>";
		};
/* End PBXGroup section */

/* Begin PBXNativeTarget section */
		4156CD0B2B4A170200EE05EB /* AnimationSandbox */ = {
			isa = PBXNativeTarget;
			buildConfigurationList = 4156CD1B2B4A170400EE05EB /* Build configuration list for PBXNativeTarget "AnimationSandbox" */;
			buildPhases = (
				4156CD082B4A170200EE05EB /* Sources */,
				4156CD092B4A170200EE05EB /* Frameworks */,
				4156CD0A2B4A170200EE05EB /* Resources */,
			);
			buildRules = (
			);
			dependencies = (
			);
			name = AnimationSandbox;
			productName = AnimationSandbox;
			productReference = 4156CD0C2B4A170200EE05EB /* AnimationSandbox.app */;
			productType = "com.apple.product-type.application";
		};
/* End PBXNativeTarget section */

/* Begin PBXProject section */
		4156CD042B4A170200EE05EB /* Project object */ = {
			isa = PBXProject;
			attributes = {
				BuildIndependentTargetsInParallel = 1;
				LastSwiftUpdateCheck = 1510;
				LastUpgradeCheck = 1510;
				TargetAttributes = {
					4156CD0B2B4A170200EE05EB = {
						CreatedOnToolsVersion = 15.1;
					};
				};
			};
			buildConfigurationList = 4156CD072B4A170200EE05EB /* Build configuration list for PBXProject "AnimationSandbox" */;
			compatibilityVersion = "Xcode 14.0";
			developmentRegion = en;
			hasScannedForEncodings = 0;
			knownRegions = (
				en,
				Base,
			);
			mainGroup = 4156CD032B4A170200EE05EB;
			productRefGroup = 4156CD0D2B4A170200EE05EB /* Products */;
			projectDirPath = "";
			projectRoot = "";
			targets = (
				4156CD0B2B4A170200EE05EB /* AnimationSandbox */,
			);
		};
/* End PBXProject section */

/* Begin PBXResourcesBuildPhase section */
		4156CD0A2B4A170200EE05EB /* Resources */ = {
			isa = PBXResourcesBuildPhase;
			buildActionMask = 2147483647;
			files = (
				4156CD172B4A170400EE05EB /* Preview Assets.xcassets in Resources */,
				4156CD142B4A170400EE05EB /* Assets.xcassets in Resources */,
			);
			runOnlyForDeploymentPostprocessing = 0;
		};
/* End PBXResourcesBuildPhase section */

/* Begin PBXSourcesBuildPhase section */
		4156CD082B4A170200EE05EB /* Sources */ = {
			isa = PBXSourcesBuildPhase;
			buildActionMask = 2147483647;
			files = (
				4156CD2B2B4B2C0200EE05EB /* Letters.swift in Sources */,
				4156CD1F2B4A31A400EE05EB /* ImplicitAnimation.swift in Sources */,
				4156CD232B4A33DE00EE05EB /* AnimateBindings.swift in Sources */,
				4156CD212B4A32A000EE05EB /* CustomizingAnimations.swift in Sources */,
				4156CD122B4A170200EE05EB /* ContentView.swift in Sources */,
				4156CD292B4B294900EE05EB /* AnimatingGestures.swift in Sources */,
				4156CD252B4A351900EE05EB /* ExplicitAnimations.swift in Sources */,
				4156CD102B4A170200EE05EB /* AnimationSandboxApp.swift in Sources */,
				4156CD272B4A360400EE05EB /* ControllingAnimationStack.swift in Sources */,
				4156CD2D2B4B2D1100EE05EB /* ShowingAndHidingViewsWithTranslations.swift in Sources */,
			);
			runOnlyForDeploymentPostprocessing = 0;
		};
/* End PBXSourcesBuildPhase section */

/* Begin XCBuildConfiguration section */
		4156CD192B4A170400EE05EB /* Debug */ = {
			isa = XCBuildConfiguration;
			buildSettings = {
				ALWAYS_SEARCH_USER_PATHS = NO;
				ASSETCATALOG_COMPILER_GENERATE_SWIFT_ASSET_SYMBOL_EXTENSIONS = YES;
				CLANG_ANALYZER_NONNULL = YES;
				CLANG_ANALYZER_NUMBER_OBJECT_CONVERSION = YES_AGGRESSIVE;
				CLANG_CXX_LANGUAGE_STANDARD = "gnu++20";
				CLANG_ENABLE_MODULES = YES;
				CLANG_ENABLE_OBJC_ARC = YES;
				CLANG_ENABLE_OBJC_WEAK = YES;
				CLANG_WARN_BLOCK_CAPTURE_AUTORELEASING = YES;
				CLANG_WARN_BOOL_CONVERSION = YES;
				CLANG_WARN_COMMA = YES;
				CLANG_WARN_CONSTANT_CONVERSION = YES;
				CLANG_WARN_DEPRECATED_OBJC_IMPLEMENTATIONS = YES;
				CLANG_WARN_DIRECT_OBJC_ISA_USAGE = YES_ERROR;
				CLANG_WARN_DOCUMENTATION_COMMENTS = YES;
				CLANG_WARN_EMPTY_BODY = YES;
				CLANG_WARN_ENUM_CONVERSION = YES;
				CLANG_WARN_INFINITE_RECURSION = YES;
				CLANG_WARN_INT_CONVERSION = YES;
				CLANG_WARN_NON_LITERAL_NULL_CONVERSION = YES;
				CLANG_WARN_OBJC_IMPLICIT_RETAIN_SELF = YES;
				CLANG_WARN_OBJC_LITERAL_CONVERSION = YES;
				CLANG_WARN_OBJC_ROOT_CLASS = YES_ERROR;
				CLANG_WARN_QUOTED_INCLUDE_IN_FRAMEWORK_HEADER = YES;
				CLANG_WARN_RANGE_LOOP_ANALYSIS = YES;
				CLANG_WARN_STRICT_PROTOTYPES = YES;
				CLANG_WARN_SUSPICIOUS_MOVE = YES;
				CLANG_WARN_UNGUARDED_AVAILABILITY = YES_AGGRESSIVE;
				CLANG_WARN_UNREACHABLE_CODE = YES;
				CLANG_WARN__DUPLICATE_METHOD_MATCH = YES;
				COPY_PHASE_STRIP = NO;
				DEBUG_INFORMATION_FORMAT = dwarf;
				ENABLE_STRICT_OBJC_MSGSEND = YES;
				ENABLE_TESTABILITY = YES;
				ENABLE_USER_SCRIPT_SANDBOXING = YES;
				GCC_C_LANGUAGE_STANDARD = gnu17;
				GCC_DYNAMIC_NO_PIC = NO;
				GCC_NO_COMMON_BLOCKS = YES;
				GCC_OPTIMIZATION_LEVEL = 0;
				GCC_PREPROCESSOR_DEFINITIONS = (
					"DEBUG=1",
					"$(inherited)",
				);
				GCC_WARN_64_TO_32_BIT_CONVERSION = YES;
				GCC_WARN_ABOUT_RETURN_TYPE = YES_ERROR;
				GCC_WARN_UNDECLARED_SELECTOR = YES;
				GCC_WARN_UNINITIALIZED_AUTOS = YES_AGGRESSIVE;
				GCC_WARN_UNUSED_FUNCTION = YES;
				GCC_WARN_UNUSED_VARIABLE = YES;
				LOCALIZATION_PREFERS_STRING_CATALOGS = YES;
				MACOSX_DEPLOYMENT_TARGET = 14.2;
				MTL_ENABLE_DEBUG_INFO = INCLUDE_SOURCE;
				MTL_FAST_MATH = YES;
				ONLY_ACTIVE_ARCH = YES;
				SDKROOT = macosx;
				SWIFT_ACTIVE_COMPILATION_CONDITIONS = "DEBUG $(inherited)";
				SWIFT_OPTIMIZATION_LEVEL = "-Onone";
			};
			name = Debug;
		};
		4156CD1A2B4A170400EE05EB /* Release */ = {
			isa = XCBuildConfiguration;
			buildSettings = {
				ALWAYS_SEARCH_USER_PATHS = NO;
				ASSETCATALOG_COMPILER_GENERATE_SWIFT_ASSET_SYMBOL_EXTENSIONS = YES;
				CLANG_ANALYZER_NONNULL = YES;
				CLANG_ANALYZER_NUMBER_OBJECT_CONVERSION = YES_AGGRESSIVE;
				CLANG_CXX_LANGUAGE_STANDARD = "gnu++20";
				CLANG_ENABLE_MODULES = YES;
				CLANG_ENABLE_OBJC_ARC = YES;
				CLANG_ENABLE_OBJC_WEAK = YES;
				CLANG_WARN_BLOCK_CAPTURE_AUTORELEASING = YES;
				CLANG_WARN_BOOL_CONVERSION = YES;
				CLANG_WARN_COMMA = YES;
				CLANG_WARN_CONSTANT_CONVERSION = YES;
				CLANG_WARN_DEPRECATED_OBJC_IMPLEMENTATIONS = YES;
				CLANG_WARN_DIRECT_OBJC_ISA_USAGE = YES_ERROR;
				CLANG_WARN_DOCUMENTATION_COMMENTS = YES;
				CLANG_WARN_EMPTY_BODY = YES;
				CLANG_WARN_ENUM_CONVERSION = YES;
				CLANG_WARN_INFINITE_RECURSION = YES;
				CLANG_WARN_INT_CONVERSION = YES;
				CLANG_WARN_NON_LITERAL_NULL_CONVERSION = YES;
				CLANG_WARN_OBJC_IMPLICIT_RETAIN_SELF = YES;
				CLANG_WARN_OBJC_LITERAL_CONVERSION = YES;
				CLANG_WARN_OBJC_ROOT_CLASS = YES_ERROR;
				CLANG_WARN_QUOTED_INCLUDE_IN_FRAMEWORK_HEADER = YES;
				CLANG_WARN_RANGE_LOOP_ANALYSIS = YES;
				CLANG_WARN_STRICT_PROTOTYPES = YES;
				CLANG_WARN_SUSPICIOUS_MOVE = YES;
				CLANG_WARN_UNGUARDED_AVAILABILITY = YES_AGGRESSIVE;
				CLANG_WARN_UNREACHABLE_CODE = YES;
				CLANG_WARN__DUPLICATE_METHOD_MATCH = YES;
				COPY_PHASE_STRIP = NO;
				DEBUG_INFORMATION_FORMAT = "dwarf-with-dsym";
				ENABLE_NS_ASSERTIONS = NO;
				ENABLE_STRICT_OBJC_MSGSEND = YES;
				ENABLE_USER_SCRIPT_SANDBOXING = YES;
				GCC_C_LANGUAGE_STANDARD = gnu17;
				GCC_NO_COMMON_BLOCKS = YES;
				GCC_WARN_64_TO_32_BIT_CONVERSION = YES;
				GCC_WARN_ABOUT_RETURN_TYPE = YES_ERROR;
				GCC_WARN_UNDECLARED_SELECTOR = YES;
				GCC_WARN_UNINITIALIZED_AUTOS = YES_AGGRESSIVE;
				GCC_WARN_UNUSED_FUNCTION = YES;
				GCC_WARN_UNUSED_VARIABLE = YES;
				LOCALIZATION_PREFERS_STRING_CATALOGS = YES;
				MACOSX_DEPLOYMENT_TARGET = 14.2;
				MTL_ENABLE_DEBUG_INFO = NO;
				MTL_FAST_MATH = YES;
				SDKROOT = macosx;
				SWIFT_COMPILATION_MODE = wholemodule;
			};
			name = Release;
		};
		4156CD1C2B4A170400EE05EB /* Debug */ = {
			isa = XCBuildConfiguration;
			buildSettings = {
				ASSETCATALOG_COMPILER_APPICON_NAME = AppIcon;
				ASSETCATALOG_COMPILER_GLOBAL_ACCENT_COLOR_NAME = AccentColor;
				CODE_SIGN_ENTITLEMENTS = AnimationSandbox/AnimationSandbox.entitlements;
				CODE_SIGN_STYLE = Automatic;
				COMBINE_HIDPI_IMAGES = YES;
				CURRENT_PROJECT_VERSION = 1;
				DEVELOPMENT_ASSET_PATHS = "\"AnimationSandbox/Preview Content\"";
				DEVELOPMENT_TEAM = CWCBRR328H;
				ENABLE_HARDENED_RUNTIME = YES;
				ENABLE_PREVIEWS = YES;
				GENERATE_INFOPLIST_FILE = YES;
				INFOPLIST_KEY_NSHumanReadableCopyright = "";
				LD_RUNPATH_SEARCH_PATHS = (
					"$(inherited)",
					"@executable_path/../Frameworks",
				);
				MARKETING_VERSION = 1.0;
				PRODUCT_BUNDLE_IDENTIFIER = BJ914.AnimationSandbox;
				PRODUCT_NAME = "$(TARGET_NAME)";
				SWIFT_EMIT_LOC_STRINGS = YES;
				SWIFT_VERSION = 5.0;
			};
			name = Debug;
		};
		4156CD1D2B4A170400EE05EB /* Release */ = {
			isa = XCBuildConfiguration;
			buildSettings = {
				ASSETCATALOG_COMPILER_APPICON_NAME = AppIcon;
				ASSETCATALOG_COMPILER_GLOBAL_ACCENT_COLOR_NAME = AccentColor;
				CODE_SIGN_ENTITLEMENTS = AnimationSandbox/AnimationSandbox.entitlements;
				CODE_SIGN_STYLE = Automatic;
				COMBINE_HIDPI_IMAGES = YES;
				CURRENT_PROJECT_VERSION = 1;
				DEVELOPMENT_ASSET_PATHS = "\"AnimationSandbox/Preview Content\"";
				DEVELOPMENT_TEAM = CWCBRR328H;
				ENABLE_HARDENED_RUNTIME = YES;
				ENABLE_PREVIEWS = YES;
				GENERATE_INFOPLIST_FILE = YES;
				INFOPLIST_KEY_NSHumanReadableCopyright = "";
				LD_RUNPATH_SEARCH_PATHS = (
					"$(inherited)",
					"@executable_path/../Frameworks",
				);
				MARKETING_VERSION = 1.0;
				PRODUCT_BUNDLE_IDENTIFIER = BJ914.AnimationSandbox;
				PRODUCT_NAME = "$(TARGET_NAME)";
				SWIFT_EMIT_LOC_STRINGS = YES;
				SWIFT_VERSION = 5.0;
			};
			name = Release;
		};
/* End XCBuildConfiguration section */

/* Begin XCConfigurationList section */
		4156CD072B4A170200EE05EB /* Build configuration list for PBXProject "AnimationSandbox" */ = {
			isa = XCConfigurationList;
			buildConfigurations = (
				4156CD192B4A170400EE05EB /* Debug */,
				4156CD1A2B4A170400EE05EB /* Release */,
			);
			defaultConfigurationIsVisible = 0;
			defaultConfigurationName = Release;
		};
		4156CD1B2B4A170400EE05EB /* Build configuration list for PBXNativeTarget "AnimationSandbox" */ = {
			isa = XCConfigurationList;
			buildConfigurations = (
				4156CD1C2B4A170400EE05EB /* Debug */,
				4156CD1D2B4A170400EE05EB /* Release */,
			);
			defaultConfigurationIsVisible = 0;
			defaultConfigurationName = Release;
		};
/* End XCConfigurationList section */
	};
	rootObject = 4156CD042B4A170200EE05EB /* Project object */;
}
